// !$*UTF8*$!
{
	archiveVersion = 1;
	classes = {
	};
	objectVersion = 56;
	objects = {

/* Begin PBXBuildFile section */
		9226E6832C6F6C8800A2C0FD /* AppDelegate.swift in Sources */ = {isa = PBXBuildFile; fileRef = 9226E6822C6F6C8800A2C0FD /* AppDelegate.swift */; };
		9226E6852C6F6C8800A2C0FD /* SceneDelegate.swift in Sources */ = {isa = PBXBuildFile; fileRef = 9226E6842C6F6C8800A2C0FD /* SceneDelegate.swift */; };
		9226E6872C6F6C8800A2C0FD /* ViewController.swift in Sources */ = {isa = PBXBuildFile; fileRef = 9226E6862C6F6C8800A2C0FD /* ViewController.swift */; };
		9226E68A2C6F6C8800A2C0FD /* Base in Resources */ = {isa = PBXBuildFile; fileRef = 9226E6892C6F6C8800A2C0FD /* Base */; };
		9226E68D2C6F6C8800A2C0FD /* AlisverisListesi.xcdatamodeld in Sources */ = {isa = PBXBuildFile; fileRef = 9226E68B2C6F6C8800A2C0FD /* AlisverisListesi.xcdatamodeld */; };
		9226E68F2C6F6C8900A2C0FD /* Assets.xcassets in Resources */ = {isa = PBXBuildFile; fileRef = 9226E68E2C6F6C8900A2C0FD /* Assets.xcassets */; };
		9226E6922C6F6C8900A2C0FD /* Base in Resources */ = {isa = PBXBuildFile; fileRef = 9226E6912C6F6C8900A2C0FD /* Base */; };
		9226E69D2C6F6C8900A2C0FD /* AlisverisListesiTests.swift in Sources */ = {isa = PBXBuildFile; fileRef = 9226E69C2C6F6C8900A2C0FD /* AlisverisListesiTests.swift */; };
		9226E6A72C6F6C8900A2C0FD /* AlisverisListesiUITests.swift in Sources */ = {isa = PBXBuildFile; fileRef = 9226E6A62C6F6C8900A2C0FD /* AlisverisListesiUITests.swift */; };
		9226E6A92C6F6C8900A2C0FD /* AlisverisListesiUITestsLaunchTests.swift in Sources */ = {isa = PBXBuildFile; fileRef = 9226E6A82C6F6C8900A2C0FD /* AlisverisListesiUITestsLaunchTests.swift */; };
		9226E6B62C6F8E2F00A2C0FD /* DetailsViewController.swift in Sources */ = {isa = PBXBuildFile; fileRef = 9226E6B52C6F8E2F00A2C0FD /* DetailsViewController.swift */; };
/* End PBXBuildFile section */

/* Begin PBXContainerItemProxy section */
		9226E6992C6F6C8900A2C0FD /* PBXContainerItemProxy */ = {
			isa = PBXContainerItemProxy;
			containerPortal = 9226E6772C6F6C8800A2C0FD /* Project object */;
			proxyType = 1;
			remoteGlobalIDString = 9226E67E2C6F6C8800A2C0FD;
			remoteInfo = AlisverisListesi;
		};
		9226E6A32C6F6C8900A2C0FD /* PBXContainerItemProxy */ = {
			isa = PBXContainerItemProxy;
			containerPortal = 9226E6772C6F6C8800A2C0FD /* Project object */;
			proxyType = 1;
			remoteGlobalIDString = 9226E67E2C6F6C8800A2C0FD;
			remoteInfo = AlisverisListesi;
		};
/* End PBXContainerItemProxy section */

/* Begin PBXFileReference section */
		9226E67F2C6F6C8800A2C0FD /* AlisverisListesi.app */ = {isa = PBXFileReference; explicitFileType = wrapper.application; includeInIndex = 0; path = AlisverisListesi.app; sourceTree = BUILT_PRODUCTS_DIR; };
		9226E6822C6F6C8800A2C0FD /* AppDelegate.swift */ = {isa = PBXFileReference; lastKnownFileType = sourcecode.swift; path = AppDelegate.swift; sourceTree = "<group>"; };
		9226E6842C6F6C8800A2C0FD /* SceneDelegate.swift */ = {isa = PBXFileReference; lastKnownFileType = sourcecode.swift; path = SceneDelegate.swift; sourceTree = "<group>"; };
		9226E6862C6F6C8800A2C0FD /* ViewController.swift */ = {isa = PBXFileReference; lastKnownFileType = sourcecode.swift; path = ViewController.swift; sourceTree = "<group>"; };
		9226E6892C6F6C8800A2C0FD /* Base */ = {isa = PBXFileReference; lastKnownFileType = file.storyboard; name = Base; path = Base.lproj/Main.storyboard; sourceTree = "<group>"; };
		9226E68C2C6F6C8800A2C0FD /* AlisverisListesi.xcdatamodel */ = {isa = PBXFileReference; lastKnownFileType = wrapper.xcdatamodel; path = AlisverisListesi.xcdatamodel; sourceTree = "<group>"; };
		9226E68E2C6F6C8900A2C0FD /* Assets.xcassets */ = {isa = PBXFileReference; lastKnownFileType = folder.assetcatalog; path = Assets.xcassets; sourceTree = "<group>"; };
		9226E6912C6F6C8900A2C0FD /* Base */ = {isa = PBXFileReference; lastKnownFileType = file.storyboard; name = Base; path = Base.lproj/LaunchScreen.storyboard; sourceTree = "<group>"; };
		9226E6932C6F6C8900A2C0FD /* Info.plist */ = {isa = PBXFileReference; lastKnownFileType = text.plist.xml; path = Info.plist; sourceTree = "<group>"; };
		9226E6982C6F6C8900A2C0FD /* AlisverisListesiTests.xctest */ = {isa = PBXFileReference; explicitFileType = wrapper.cfbundle; includeInIndex = 0; path = AlisverisListesiTests.xctest; sourceTree = BUILT_PRODUCTS_DIR; };
		9226E69C2C6F6C8900A2C0FD /* AlisverisListesiTests.swift */ = {isa = PBXFileReference; lastKnownFileType = sourcecode.swift; path = AlisverisListesiTests.swift; sourceTree = "<group>"; };
		9226E6A22C6F6C8900A2C0FD /* AlisverisListesiUITests.xctest */ = {isa = PBXFileReference; explicitFileType = wrapper.cfbundle; includeInIndex = 0; path = AlisverisListesiUITests.xctest; sourceTree = BUILT_PRODUCTS_DIR; };
		9226E6A62C6F6C8900A2C0FD /* AlisverisListesiUITests.swift */ = {isa = PBXFileReference; lastKnownFileType = sourcecode.swift; path = AlisverisListesiUITests.swift; sourceTree = "<group>"; };
		9226E6A82C6F6C8900A2C0FD /* AlisverisListesiUITestsLaunchTests.swift */ = {isa = PBXFileReference; lastKnownFileType = sourcecode.swift; path = AlisverisListesiUITestsLaunchTests.swift; sourceTree = "<group>"; };
		9226E6B52C6F8E2F00A2C0FD /* DetailsViewController.swift */ = {isa = PBXFileReference; lastKnownFileType = sourcecode.swift; path = DetailsViewController.swift; sourceTree = "<group>"; };
/* End PBXFileReference section */

/* Begin PBXFrameworksBuildPhase section */
		9226E67C2C6F6C8800A2C0FD /* Frameworks */ = {
			isa = PBXFrameworksBuildPhase;
			buildActionMask = 2147483647;
			files = (
			);
			runOnlyForDeploymentPostprocessing = 0;
		};
		9226E6952C6F6C8900A2C0FD /* Frameworks */ = {
			isa = PBXFrameworksBuildPhase;
			buildActionMask = 2147483647;
			files = (
			);
			runOnlyForDeploymentPostprocessing = 0;
		};
		9226E69F2C6F6C8900A2C0FD /* Frameworks */ = {
			isa = PBXFrameworksBuildPhase;
			buildActionMask = 2147483647;
			files = (
			);
			runOnlyForDeploymentPostprocessing = 0;
		};
/* End PBXFrameworksBuildPhase section */

/* Begin PBXGroup section */
		9226E6762C6F6C8800A2C0FD = {
			isa = PBXGroup;
			children = (
				9226E6812C6F6C8800A2C0FD /* AlisverisListesi */,
				9226E69B2C6F6C8900A2C0FD /* AlisverisListesiTests */,
				9226E6A52C6F6C8900A2C0FD /* AlisverisListesiUITests */,
				9226E6802C6F6C8800A2C0FD /* Products */,
			);
			sourceTree = "<group>";
		};
		9226E6802C6F6C8800A2C0FD /* Products */ = {
			isa = PBXGroup;
			children = (
				9226E67F2C6F6C8800A2C0FD /* AlisverisListesi.app */,
				9226E6982C6F6C8900A2C0FD /* AlisverisListesiTests.xctest */,
				9226E6A22C6F6C8900A2C0FD /* AlisverisListesiUITests.xctest */,
			);
			name = Products;
			sourceTree = "<group>";
		};
		9226E6812C6F6C8800A2C0FD /* AlisverisListesi */ = {
			isa = PBXGroup;
			children = (
				9226E6822C6F6C8800A2C0FD /* AppDelegate.swift */,
				9226E6842C6F6C8800A2C0FD /* SceneDelegate.swift */,
				9226E6862C6F6C8800A2C0FD /* ViewController.swift */,
				9226E6B52C6F8E2F00A2C0FD /* DetailsViewController.swift */,
				9226E6882C6F6C8800A2C0FD /* Main.storyboard */,
				9226E68E2C6F6C8900A2C0FD /* Assets.xcassets */,
				9226E6902C6F6C8900A2C0FD /* LaunchScreen.storyboard */,
				9226E6932C6F6C8900A2C0FD /* Info.plist */,
				9226E68B2C6F6C8800A2C0FD /* AlisverisListesi.xcdatamodeld */,
			);
			path = AlisverisListesi;
			sourceTree = "<group>";
		};
		9226E69B2C6F6C8900A2C0FD /* AlisverisListesiTests */ = {
			isa = PBXGroup;
			children = (
				9226E69C2C6F6C8900A2C0FD /* AlisverisListesiTests.swift */,
			);
			path = AlisverisListesiTests;
			sourceTree = "<group>";
		};
		9226E6A52C6F6C8900A2C0FD /* AlisverisListesiUITests */ = {
			isa = PBXGroup;
			children = (
				9226E6A62C6F6C8900A2C0FD /* AlisverisListesiUITests.swift */,
				9226E6A82C6F6C8900A2C0FD /* AlisverisListesiUITestsLaunchTests.swift */,
			);
			path = AlisverisListesiUITests;
			sourceTree = "<group>";
		};
/* End PBXGroup section */

/* Begin PBXNativeTarget section */
		9226E67E2C6F6C8800A2C0FD /* AlisverisListesi */ = {
			isa = PBXNativeTarget;
			buildConfigurationList = 9226E6AC2C6F6C8900A2C0FD /* Build configuration list for PBXNativeTarget "AlisverisListesi" */;
			buildPhases = (
				9226E67B2C6F6C8800A2C0FD /* Sources */,
				9226E67C2C6F6C8800A2C0FD /* Frameworks */,
				9226E67D2C6F6C8800A2C0FD /* Resources */,
			);
			buildRules = (
			);
			dependencies = (
			);
			name = AlisverisListesi;
			productName = AlisverisListesi;
			productReference = 9226E67F2C6F6C8800A2C0FD /* AlisverisListesi.app */;
			productType = "com.apple.product-type.application";
		};
		9226E6972C6F6C8900A2C0FD /* AlisverisListesiTests */ = {
			isa = PBXNativeTarget;
			buildConfigurationList = 9226E6AF2C6F6C8900A2C0FD /* Build configuration list for PBXNativeTarget "AlisverisListesiTests" */;
			buildPhases = (
				9226E6942C6F6C8900A2C0FD /* Sources */,
				9226E6952C6F6C8900A2C0FD /* Frameworks */,
				9226E6962C6F6C8900A2C0FD /* Resources */,
			);
			buildRules = (
			);
			dependencies = (
				9226E69A2C6F6C8900A2C0FD /* PBXTargetDependency */,
			);
			name = AlisverisListesiTests;
			productName = AlisverisListesiTests;
			productReference = 9226E6982C6F6C8900A2C0FD /* AlisverisListesiTests.xctest */;
			productType = "com.apple.product-type.bundle.unit-test";
		};
		9226E6A12C6F6C8900A2C0FD /* AlisverisListesiUITests */ = {
			isa = PBXNativeTarget;
			buildConfigurationList = 9226E6B22C6F6C8900A2C0FD /* Build configuration list for PBXNativeTarget "AlisverisListesiUITests" */;
			buildPhases = (
				9226E69E2C6F6C8900A2C0FD /* Sources */,
				9226E69F2C6F6C8900A2C0FD /* Frameworks */,
				9226E6A02C6F6C8900A2C0FD /* Resources */,
			);
			buildRules = (
			);
			dependencies = (
				9226E6A42C6F6C8900A2C0FD /* PBXTargetDependency */,
			);
			name = AlisverisListesiUITests;
			productName = AlisverisListesiUITests;
			productReference = 9226E6A22C6F6C8900A2C0FD /* AlisverisListesiUITests.xctest */;
			productType = "com.apple.product-type.bundle.ui-testing";
		};
/* End PBXNativeTarget section */

/* Begin PBXProject section */
		9226E6772C6F6C8800A2C0FD /* Project object */ = {
			isa = PBXProject;
			attributes = {
				BuildIndependentTargetsInParallel = 1;
				LastSwiftUpdateCheck = 1540;
				LastUpgradeCheck = 1540;
				TargetAttributes = {
					9226E67E2C6F6C8800A2C0FD = {
						CreatedOnToolsVersion = 15.4;
					};
					9226E6972C6F6C8900A2C0FD = {
						CreatedOnToolsVersion = 15.4;
						TestTargetID = 9226E67E2C6F6C8800A2C0FD;
					};
					9226E6A12C6F6C8900A2C0FD = {
						CreatedOnToolsVersion = 15.4;
						TestTargetID = 9226E67E2C6F6C8800A2C0FD;
					};
				};
			};
			buildConfigurationList = 9226E67A2C6F6C8800A2C0FD /* Build configuration list for PBXProject "AlisverisListesi" */;
			compatibilityVersion = "Xcode 14.0";
			developmentRegion = en;
			hasScannedForEncodings = 0;
			knownRegions = (
				en,
				Base,
			);
			mainGroup = 9226E6762C6F6C8800A2C0FD;
			productRefGroup = 9226E6802C6F6C8800A2C0FD /* Products */;
			projectDirPath = "";
			projectRoot = "";
			targets = (
				9226E67E2C6F6C8800A2C0FD /* AlisverisListesi */,
				9226E6972C6F6C8900A2C0FD /* AlisverisListesiTests */,
				9226E6A12C6F6C8900A2C0FD /* AlisverisListesiUITests */,
			);
		};
/* End PBXProject section */

/* Begin PBXResourcesBuildPhase section */
		9226E67D2C6F6C8800A2C0FD /* Resources */ = {
			isa = PBXResourcesBuildPhase;
			buildActionMask = 2147483647;
			files = (
				9226E68F2C6F6C8900A2C0FD /* Assets.xcassets in Resources */,
				9226E6922C6F6C8900A2C0FD /* Base in Resources */,
				9226E68A2C6F6C8800A2C0FD /* Base in Resources */,
			);
			runOnlyForDeploymentPostprocessing = 0;
		};
		9226E6962C6F6C8900A2C0FD /* Resources */ = {
			isa = PBXResourcesBuildPhase;
			buildActionMask = 2147483647;
			files = (
			);
			runOnlyForDeploymentPostprocessing = 0;
		};
		9226E6A02C6F6C8900A2C0FD /* Resources */ = {
			isa = PBXResourcesBuildPhase;
			buildActionMask = 2147483647;
			files = (
			);
			runOnlyForDeploymentPostprocessing = 0;
		};
/* End PBXResourcesBuildPhase section */

/* Begin PBXSourcesBuildPhase section */
		9226E67B2C6F6C8800A2C0FD /* Sources */ = {
			isa = PBXSourcesBuildPhase;
			buildActionMask = 2147483647;
			files = (
				9226E68D2C6F6C8800A2C0FD /* AlisverisListesi.xcdatamodeld in Sources */,
				9226E6872C6F6C8800A2C0FD /* ViewController.swift in Sources */,
				9226E6832C6F6C8800A2C0FD /* AppDelegate.swift in Sources */,
				9226E6852C6F6C8800A2C0FD /* SceneDelegate.swift in Sources */,
				9226E6B62C6F8E2F00A2C0FD /* DetailsViewController.swift in Sources */,
			);
			runOnlyForDeploymentPostprocessing = 0;
		};
		9226E6942C6F6C8900A2C0FD /* Sources */ = {
			isa = PBXSourcesBuildPhase;
			buildActionMask = 2147483647;
			files = (
				9226E69D2C6F6C8900A2C0FD /* AlisverisListesiTests.swift in Sources */,
			);
			runOnlyForDeploymentPostprocessing = 0;
		};
		9226E69E2C6F6C8900A2C0FD /* Sources */ = {
			isa = PBXSourcesBuildPhase;
			buildActionMask = 2147483647;
			files = (
				9226E6A72C6F6C8900A2C0FD /* AlisverisListesiUITests.swift in Sources */,
				9226E6A92C6F6C8900A2C0FD /* AlisverisListesiUITestsLaunchTests.swift in Sources */,
			);
			runOnlyForDeploymentPostprocessing = 0;
		};
/* End PBXSourcesBuildPhase section */

/* Begin PBXTargetDependency section */
		9226E69A2C6F6C8900A2C0FD /* PBXTargetDependency */ = {
			isa = PBXTargetDependency;
			target = 9226E67E2C6F6C8800A2C0FD /* AlisverisListesi */;
			targetProxy = 9226E6992C6F6C8900A2C0FD /* PBXContainerItemProxy */;
		};
		9226E6A42C6F6C8900A2C0FD /* PBXTargetDependency */ = {
			isa = PBXTargetDependency;
			target = 9226E67E2C6F6C8800A2C0FD /* AlisverisListesi */;
			targetProxy = 9226E6A32C6F6C8900A2C0FD /* PBXContainerItemProxy */;
		};
/* End PBXTargetDependency section */

/* Begin PBXVariantGroup section */
		9226E6882C6F6C8800A2C0FD /* Main.storyboard */ = {
			isa = PBXVariantGroup;
			children = (
				9226E6892C6F6C8800A2C0FD /* Base */,
			);
			name = Main.storyboard;
			sourceTree = "<group>";
		};
		9226E6902C6F6C8900A2C0FD /* LaunchScreen.storyboard */ = {
			isa = PBXVariantGroup;
			children = (
				9226E6912C6F6C8900A2C0FD /* Base */,
			);
			name = LaunchScreen.storyboard;
			sourceTree = "<group>";
		};
/* End PBXVariantGroup section */

/* Begin XCBuildConfiguration section */
		9226E6AA2C6F6C8900A2C0FD /* Debug */ = {
			isa = XCBuildConfiguration;
			buildSettings = {
				ALWAYS_SEARCH_USER_PATHS = NO;
				ASSETCATALOG_COMPILER_GENERATE_SWIFT_ASSET_SYMBOL_EXTENSIONS = YES;
				CLANG_ANALYZER_NONNULL = YES;
				CLANG_ANALYZER_NUMBER_OBJECT_CONVERSION = YES_AGGRESSIVE;
				CLANG_CXX_LANGUAGE_STANDARD = "gnu++20";
				CLANG_ENABLE_MODULES = YES;
				CLANG_ENABLE_OBJC_ARC = YES;
				CLANG_ENABLE_OBJC_WEAK = YES;
				CLANG_WARN_BLOCK_CAPTURE_AUTORELEASING = YES;
				CLANG_WARN_BOOL_CONVERSION = YES;
				CLANG_WARN_COMMA = YES;
				CLANG_WARN_CONSTANT_CONVERSION = YES;
				CLANG_WARN_DEPRECATED_OBJC_IMPLEMENTATIONS = YES;
				CLANG_WARN_DIRECT_OBJC_ISA_USAGE = YES_ERROR;
				CLANG_WARN_DOCUMENTATION_COMMENTS = YES;
				CLANG_WARN_EMPTY_BODY = YES;
				CLANG_WARN_ENUM_CONVERSION = YES;
				CLANG_WARN_INFINITE_RECURSION = YES;
				CLANG_WARN_INT_CONVERSION = YES;
				CLANG_WARN_NON_LITERAL_NULL_CONVERSION = YES;
				CLANG_WARN_OBJC_IMPLICIT_RETAIN_SELF = YES;
				CLANG_WARN_OBJC_LITERAL_CONVERSION = YES;
				CLANG_WARN_OBJC_ROOT_CLASS = YES_ERROR;
				CLANG_WARN_QUOTED_INCLUDE_IN_FRAMEWORK_HEADER = YES;
				CLANG_WARN_RANGE_LOOP_ANALYSIS = YES;
				CLANG_WARN_STRICT_PROTOTYPES = YES;
				CLANG_WARN_SUSPICIOUS_MOVE = YES;
				CLANG_WARN_UNGUARDED_AVAILABILITY = YES_AGGRESSIVE;
				CLANG_WARN_UNREACHABLE_CODE = YES;
				CLANG_WARN__DUPLICATE_METHOD_MATCH = YES;
				COPY_PHASE_STRIP = NO;
				DEBUG_INFORMATION_FORMAT = dwarf;
				ENABLE_STRICT_OBJC_MSGSEND = YES;
				ENABLE_TESTABILITY = YES;
				ENABLE_USER_SCRIPT_SANDBOXING = YES;
				GCC_C_LANGUAGE_STANDARD = gnu17;
				GCC_DYNAMIC_NO_PIC = NO;
				GCC_NO_COMMON_BLOCKS = YES;
				GCC_OPTIMIZATION_LEVEL = 0;
				GCC_PREPROCESSOR_DEFINITIONS = (
					"DEBUG=1",
					"$(inherited)",
				);
				GCC_WARN_64_TO_32_BIT_CONVERSION = YES;
				GCC_WARN_ABOUT_RETURN_TYPE = YES_ERROR;
				GCC_WARN_UNDECLARED_SELECTOR = YES;
				GCC_WARN_UNINITIALIZED_AUTOS = YES_AGGRESSIVE;
				GCC_WARN_UNUSED_FUNCTION = YES;
				GCC_WARN_UNUSED_VARIABLE = YES;
				IPHONEOS_DEPLOYMENT_TARGET = 17.5;
				LOCALIZATION_PREFERS_STRING_CATALOGS = YES;
				MTL_ENABLE_DEBUG_INFO = INCLUDE_SOURCE;
				MTL_FAST_MATH = YES;
				ONLY_ACTIVE_ARCH = YES;
				SDKROOT = iphoneos;
				SWIFT_ACTIVE_COMPILATION_CONDITIONS = "DEBUG $(inherited)";
				SWIFT_OPTIMIZATION_LEVEL = "-Onone";
			};
			name = Debug;
		};
		9226E6AB2C6F6C8900A2C0FD /* Release */ = {
			isa = XCBuildConfiguration;
			buildSettings = {
				ALWAYS_SEARCH_USER_PATHS = NO;
				ASSETCATALOG_COMPILER_GENERATE_SWIFT_ASSET_SYMBOL_EXTENSIONS = YES;
				CLANG_ANALYZER_NONNULL = YES;
				CLANG_ANALYZER_NUMBER_OBJECT_CONVERSION = YES_AGGRESSIVE;
				CLANG_CXX_LANGUAGE_STANDARD = "gnu++20";
				CLANG_ENABLE_MODULES = YES;
				CLANG_ENABLE_OBJC_ARC = YES;
				CLANG_ENABLE_OBJC_WEAK = YES;
				CLANG_WARN_BLOCK_CAPTURE_AUTORELEASING = YES;
				CLANG_WARN_BOOL_CONVERSION = YES;
				CLANG_WARN_COMMA = YES;
				CLANG_WARN_CONSTANT_CONVERSION = YES;
				CLANG_WARN_DEPRECATED_OBJC_IMPLEMENTATIONS = YES;
				CLANG_WARN_DIRECT_OBJC_ISA_USAGE = YES_ERROR;
				CLANG_WARN_DOCUMENTATION_COMMENTS = YES;
				CLANG_WARN_EMPTY_BODY = YES;
				CLANG_WARN_ENUM_CONVERSION = YES;
				CLANG_WARN_INFINITE_RECURSION = YES;
				CLANG_WARN_INT_CONVERSION = YES;
				CLANG_WARN_NON_LITERAL_NULL_CONVERSION = YES;
				CLANG_WARN_OBJC_IMPLICIT_RETAIN_SELF = YES;
				CLANG_WARN_OBJC_LITERAL_CONVERSION = YES;
				CLANG_WARN_OBJC_ROOT_CLASS = YES_ERROR;
				CLANG_WARN_QUOTED_INCLUDE_IN_FRAMEWORK_HEADER = YES;
				CLANG_WARN_RANGE_LOOP_ANALYSIS = YES;
				CLANG_WARN_STRICT_PROTOTYPES = YES;
				CLANG_WARN_SUSPICIOUS_MOVE = YES;
				CLANG_WARN_UNGUARDED_AVAILABILITY = YES_AGGRESSIVE;
				CLANG_WARN_UNREACHABLE_CODE = YES;
				CLANG_WARN__DUPLICATE_METHOD_MATCH = YES;
				COPY_PHASE_STRIP = NO;
				DEBUG_INFORMATION_FORMAT = "dwarf-with-dsym";
				ENABLE_NS_ASSERTIONS = NO;
				ENABLE_STRICT_OBJC_MSGSEND = YES;
				ENABLE_USER_SCRIPT_SANDBOXING = YES;
				GCC_C_LANGUAGE_STANDARD = gnu17;
				GCC_NO_COMMON_BLOCKS = YES;
				GCC_WARN_64_TO_32_BIT_CONVERSION = YES;
				GCC_WARN_ABOUT_RETURN_TYPE = YES_ERROR;
				GCC_WARN_UNDECLARED_SELECTOR = YES;
				GCC_WARN_UNINITIALIZED_AUTOS = YES_AGGRESSIVE;
				GCC_WARN_UNUSED_FUNCTION = YES;
				GCC_WARN_UNUSED_VARIABLE = YES;
				IPHONEOS_DEPLOYMENT_TARGET = 17.5;
				LOCALIZATION_PREFERS_STRING_CATALOGS = YES;
				MTL_ENABLE_DEBUG_INFO = NO;
				MTL_FAST_MATH = YES;
				SDKROOT = iphoneos;
				SWIFT_COMPILATION_MODE = wholemodule;
				VALIDATE_PRODUCT = YES;
			};
			name = Release;
		};
		9226E6AD2C6F6C8900A2C0FD /* Debug */ = {
			isa = XCBuildConfiguration;
			buildSettings = {
				ASSETCATALOG_COMPILER_APPICON_NAME = AppIcon;
				ASSETCATALOG_COMPILER_GLOBAL_ACCENT_COLOR_NAME = AccentColor;
				CODE_SIGN_STYLE = Automatic;
				CURRENT_PROJECT_VERSION = 1;
				DEVELOPMENT_TEAM = XDF9466Y46;
				GENERATE_INFOPLIST_FILE = YES;
				INFOPLIST_FILE = AlisverisListesi/Info.plist;
				INFOPLIST_KEY_UIApplicationSupportsIndirectInputEvents = YES;
				INFOPLIST_KEY_UILaunchStoryboardName = LaunchScreen;
				INFOPLIST_KEY_UIMainStoryboardFile = Main;
				INFOPLIST_KEY_UISupportedInterfaceOrientations_iPad = "UIInterfaceOrientationPortrait UIInterfaceOrientationPortraitUpsideDown UIInterfaceOrientationLandscapeLeft UIInterfaceOrientationLandscapeRight";
				INFOPLIST_KEY_UISupportedInterfaceOrientations_iPhone = "UIInterfaceOrientationPortrait UIInterfaceOrientationLandscapeLeft UIInterfaceOrientationLandscapeRight";
				LD_RUNPATH_SEARCH_PATHS = (
					"$(inherited)",
					"@executable_path/Frameworks",
				);
				MARKETING_VERSION = 1.0;
				PRODUCT_BUNDLE_IDENTIFIER = com.EnisUzun.AlisverisListesi;
				PRODUCT_NAME = "$(TARGET_NAME)";
				SWIFT_EMIT_LOC_STRINGS = YES;
				SWIFT_VERSION = 5.0;
				TARGETED_DEVICE_FAMILY = "1,2";
			};
			name = Debug;
		};
		9226E6AE2C6F6C8900A2C0FD /* Release */ = {
			isa = XCBuildConfiguration;
			buildSettings = {
				ASSETCATALOG_COMPILER_APPICON_NAME = AppIcon;
				ASSETCATALOG_COMPILER_GLOBAL_ACCENT_COLOR_NAME = AccentColor;
				CODE_SIGN_STYLE = Automatic;
				CURRENT_PROJECT_VERSION = 1;
				DEVELOPMENT_TEAM = XDF9466Y46;
				GENERATE_INFOPLIST_FILE = YES;
				INFOPLIST_FILE = AlisverisListesi/Info.plist;
				INFOPLIST_KEY_UIApplicationSupportsIndirectInputEvents = YES;
				INFOPLIST_KEY_UILaunchStoryboardName = LaunchScreen;
				INFOPLIST_KEY_UIMainStoryboardFile = Main;
				INFOPLIST_KEY_UISupportedInterfaceOrientations_iPad = "UIInterfaceOrientationPortrait UIInterfaceOrientationPortraitUpsideDown UIInterfaceOrientationLandscapeLeft UIInterfaceOrientationLandscapeRight";
				INFOPLIST_KEY_UISupportedInterfaceOrientations_iPhone = "UIInterfaceOrientationPortrait UIInterfaceOrientationLandscapeLeft UIInterfaceOrientationLandscapeRight";
				LD_RUNPATH_SEARCH_PATHS = (
					"$(inherited)",
					"@executable_path/Frameworks",
				);
				MARKETING_VERSION = 1.0;
				PRODUCT_BUNDLE_IDENTIFIER = com.EnisUzun.AlisverisListesi;
				PRODUCT_NAME = "$(TARGET_NAME)";
				SWIFT_EMIT_LOC_STRINGS = YES;
				SWIFT_VERSION = 5.0;
				TARGETED_DEVICE_FAMILY = "1,2";
			};
			name = Release;
		};
		9226E6B02C6F6C8900A2C0FD /* Debug */ = {
			isa = XCBuildConfiguration;
			buildSettings = {
				ALWAYS_EMBED_SWIFT_STANDARD_LIBRARIES = YES;
				BUNDLE_LOADER = "$(TEST_HOST)";
				CODE_SIGN_STYLE = Automatic;
				CURRENT_PROJECT_VERSION = 1;
				DEVELOPMENT_TEAM = XDF9466Y46;
				GENERATE_INFOPLIST_FILE = YES;
				IPHONEOS_DEPLOYMENT_TARGET = 17.5;
				MARKETING_VERSION = 1.0;
				PRODUCT_BUNDLE_IDENTIFIER = com.EnisUzun.AlisverisListesiTests;
				PRODUCT_NAME = "$(TARGET_NAME)";
				SWIFT_EMIT_LOC_STRINGS = NO;
				SWIFT_VERSION = 5.0;
				TARGETED_DEVICE_FAMILY = "1,2";
				TEST_HOST = "$(BUILT_PRODUCTS_DIR)/AlisverisListesi.app/$(BUNDLE_EXECUTABLE_FOLDER_PATH)/AlisverisListesi";
			};
			name = Debug;
		};
		9226E6B12C6F6C8900A2C0FD /* Release */ = {
			isa = XCBuildConfiguration;
			buildSettings = {
				ALWAYS_EMBED_SWIFT_STANDARD_LIBRARIES = YES;
				BUNDLE_LOADER = "$(TEST_HOST)";
				CODE_SIGN_STYLE = Automatic;
				CURRENT_PROJECT_VERSION = 1;
				DEVELOPMENT_TEAM = XDF9466Y46;
				GENERATE_INFOPLIST_FILE = YES;
				IPHONEOS_DEPLOYMENT_TARGET = 17.5;
				MARKETING_VERSION = 1.0;
				PRODUCT_BUNDLE_IDENTIFIER = com.EnisUzun.AlisverisListesiTests;
				PRODUCT_NAME = "$(TARGET_NAME)";
				SWIFT_EMIT_LOC_STRINGS = NO;
				SWIFT_VERSION = 5.0;
				TARGETED_DEVICE_FAMILY = "1,2";
				TEST_HOST = "$(BUILT_PRODUCTS_DIR)/AlisverisListesi.app/$(BUNDLE_EXECUTABLE_FOLDER_PATH)/AlisverisListesi";
			};
			name = Release;
		};
		9226E6B32C6F6C8900A2C0FD /* Debug */ = {
			isa = XCBuildConfiguration;
			buildSettings = {
				ALWAYS_EMBED_SWIFT_STANDARD_LIBRARIES = YES;
				CODE_SIGN_STYLE = Automatic;
				CURRENT_PROJECT_VERSION = 1;
				DEVELOPMENT_TEAM = XDF9466Y46;
				GENERATE_INFOPLIST_FILE = YES;
				MARKETING_VERSION = 1.0;
				PRODUCT_BUNDLE_IDENTIFIER = com.EnisUzun.AlisverisListesiUITests;
				PRODUCT_NAME = "$(TARGET_NAME)";
				SWIFT_EMIT_LOC_STRINGS = NO;
				SWIFT_VERSION = 5.0;
				TARGETED_DEVICE_FAMILY = "1,2";
				TEST_TARGET_NAME = AlisverisListesi;
			};
			name = Debug;
		};
		9226E6B42C6F6C8900A2C0FD /* Release */ = {
			isa = XCBuildConfiguration;
			buildSettings = {
				ALWAYS_EMBED_SWIFT_STANDARD_LIBRARIES = YES;
				CODE_SIGN_STYLE = Automatic;
				CURRENT_PROJECT_VERSION = 1;
				DEVELOPMENT_TEAM = XDF9466Y46;
				GENERATE_INFOPLIST_FILE = YES;
				MARKETING_VERSION = 1.0;
				PRODUCT_BUNDLE_IDENTIFIER = com.EnisUzun.AlisverisListesiUITests;
				PRODUCT_NAME = "$(TARGET_NAME)";
				SWIFT_EMIT_LOC_STRINGS = NO;
				SWIFT_VERSION = 5.0;
				TARGETED_DEVICE_FAMILY = "1,2";
				TEST_TARGET_NAME = AlisverisListesi;
			};
			name = Release;
		};
/* End XCBuildConfiguration section */

/* Begin XCConfigurationList section */
		9226E67A2C6F6C8800A2C0FD /* Build configuration list for PBXProject "AlisverisListesi" */ = {
			isa = XCConfigurationList;
			buildConfigurations = (
				9226E6AA2C6F6C8900A2C0FD /* Debug */,
				9226E6AB2C6F6C8900A2C0FD /* Release */,
			);
			defaultConfigurationIsVisible = 0;
			defaultConfigurationName = Release;
		};
		9226E6AC2C6F6C8900A2C0FD /* Build configuration list for PBXNativeTarget "AlisverisListesi" */ = {
			isa = XCConfigurationList;
			buildConfigurations = (
				9226E6AD2C6F6C8900A2C0FD /* Debug */,
				9226E6AE2C6F6C8900A2C0FD /* Release */,
			);
			defaultConfigurationIsVisible = 0;
			defaultConfigurationName = Release;
		};
		9226E6AF2C6F6C8900A2C0FD /* Build configuration list for PBXNativeTarget "AlisverisListesiTests" */ = {
			isa = XCConfigurationList;
			buildConfigurations = (
				9226E6B02C6F6C8900A2C0FD /* Debug */,
				9226E6B12C6F6C8900A2C0FD /* Release */,
			);
			defaultConfigurationIsVisible = 0;
			defaultConfigurationName = Release;
		};
		9226E6B22C6F6C8900A2C0FD /* Build configuration list for PBXNativeTarget "AlisverisListesiUITests" */ = {
			isa = XCConfigurationList;
			buildConfigurations = (
				9226E6B32C6F6C8900A2C0FD /* Debug */,
				9226E6B42C6F6C8900A2C0FD /* Release */,
			);
			defaultConfigurationIsVisible = 0;
			defaultConfigurationName = Release;
		};
/* End XCConfigurationList section */

/* Begin XCVersionGroup section */
		9226E68B2C6F6C8800A2C0FD /* AlisverisListesi.xcdatamodeld */ = {
			isa = XCVersionGroup;
			children = (
				9226E68C2C6F6C8800A2C0FD /* AlisverisListesi.xcdatamodel */,
			);
			currentVersion = 9226E68C2C6F6C8800A2C0FD /* AlisverisListesi.xcdatamodel */;
			path = AlisverisListesi.xcdatamodeld;
			sourceTree = "<group>";
			versionGroupType = wrapper.xcdatamodel;
		};
/* End XCVersionGroup section */
	};
	rootObject = 9226E6772C6F6C8800A2C0FD /* Project object */;
}
